
Microsoft Visual Studio Solution File, Format Version 12.00
# Visual Studio 2012
Project("{FAE04EC0-301F-11D3-BF4B-00C04F79EFBC}") = "BillManager.Data", "BillManager.Data\BillManager.Data.csproj", "{00F7DFE1-2B7A-4A82-B4EE-6BA683FE062C}"
EndProject
Project("{FAE04EC0-301F-11D3-BF4B-00C04F79EFBC}") = "BillManager.Client", "BillManager.Client\BillManager.Client.csproj", "{8EAD0650-13EE-44C3-9EC5-A97DC6EE47B8}"
EndProject
Project("{FAE04EC0-301F-11D3-BF4B-00C04F79EFBC}") = "BillManager.Business", "BillManager.Business\BillManager.Business.csproj", "{80D0D1F3-91EB-41C7-B4E7-07F3FBC5B99C}"
EndProject
Project("{FAE04EC0-301F-11D3-BF4B-00C04F79EFBC}") = "Core", "Core\Core.csproj", "{06F508C0-6D4F-4FA1-B910-91AA3B9CAAA4}"
EndProject
Project("{FAE04EC0-301F-11D3-BF4B-00C04F79EFBC}") = "BillManager.Test", "BillManager.Test\BillManager.Test.csproj", "{4CBC2539-9B65-49D8-85E5-D0D29A3B8040}"
EndProject
Project("{FAE04EC0-301F-11D3-BF4B-00C04F79EFBC}") = "BillManager.Desktop", "BillManager.Desktop\BillManager.Desktop.csproj", "{DEE65ABB-7109-4911-8034-32B62209F02A}"
EndProject
Project("{FAE04EC0-301F-11D3-BF4B-00C04F79EFBC}") = "BillManager.Core", "BillManager.Core\BillManager.Core.csproj", "{9492747B-3D88-469F-A1EE-409675547642}"
EndProject
Project("{FAE04EC0-301F-11D3-BF4B-00C04F79EFBC}") = "EFModelFirst1", "EFModelFirst1\EFModelFirst1.csproj", "{45B4CA2E-5CA1-4AEC-AA50-388F9E2CE938}"
EndProject
Project("{FAE04EC0-301F-11D3-BF4B-00C04F79EFBC}") = "BillManager.Business.Entities", "BillManager.Business.Entities\BillManager.Business.Entities.csproj", "{73577BEE-3CE5-4589-896A-A362E33CC163}"
EndProject
Project("{FAE04EC0-301F-11D3-BF4B-00C04F79EFBC}") = "BillManager.ServiceHost.ConsoleService", "BillManager.ServiceHost.ConsoleService\BillManager.ServiceHost.ConsoleService.csproj", "{47333B9B-4E3D-4F72-998C-B369A2970A3D}"
EndProject
Project("{2150E333-8FDC-42A3-9474-1A3956D46DE8}") = "Business", "Business", "{D9E0F167-B8D1-40CB-A507-121B1CA91FF5}"
EndProject
Project("{2150E333-8FDC-42A3-9474-1A3956D46DE8}") = "ServiceHost", "ServiceHost", "{BB7D3016-7C4F-4CEE-BF0F-C55FAE0F01D7}"
EndProject
Project("{2150E333-8FDC-42A3-9474-1A3956D46DE8}") = "EntityFramework", "EntityFramework", "{20FD8A22-0ACB-4DC8-8D97-5627A8E2D161}"
EndProject
Project("{2150E333-8FDC-42A3-9474-1A3956D46DE8}") = "Client", "Client", "{A3EDB765-6169-43CD-81FE-6A9A0515E029}"
EndProject
Project("{2150E333-8FDC-42A3-9474-1A3956D46DE8}") = "Test", "Test", "{5EED3AB9-11E1-4459-8E13-704F339338F3}"
EndProject
Project("{2150E333-8FDC-42A3-9474-1A3956D46DE8}") = "Common", "Common", "{AEEDAC78-F7E7-4620-8578-1EAD9C90A496}"
EndProject
Project("{FAE04EC0-301F-11D3-BF4B-00C04F79EFBC}") = "UI.Controls", "UI.Controls\UI.Controls.csproj", "{59F28DB6-5031-4EAD-9835-5D5FDED975EE}"
EndProject
Global
	GlobalSection(SolutionConfigurationPlatforms) = preSolution
		Debug|Any CPU = Debug|Any CPU
		Debug|x64 = Debug|x64
		Debug|x86 = Debug|x86
		LocFeature|Any CPU = LocFeature|Any CPU
		LocFeature|x64 = LocFeature|x64
		LocFeature|x86 = LocFeature|x86
		Release|Any CPU = Release|Any CPU
		Release|x64 = Release|x64
		Release|x86 = Release|x86
	EndGlobalSection
	GlobalSection(ProjectConfigurationPlatforms) = postSolution
		{00F7DFE1-2B7A-4A82-B4EE-6BA683FE062C}.Debug|Any CPU.ActiveCfg = Debug|Any CPU
		{00F7DFE1-2B7A-4A82-B4EE-6BA683FE062C}.Debug|Any CPU.Build.0 = Debug|Any CPU
		{00F7DFE1-2B7A-4A82-B4EE-6BA683FE062C}.Debug|x64.ActiveCfg = Debug|Any CPU
		{00F7DFE1-2B7A-4A82-B4EE-6BA683FE062C}.Debug|x86.ActiveCfg = Debug|Any CPU
		{00F7DFE1-2B7A-4A82-B4EE-6BA683FE062C}.LocFeature|Any CPU.ActiveCfg = Release|Any CPU
		{00F7DFE1-2B7A-4A82-B4EE-6BA683FE062C}.LocFeature|Any CPU.Build.0 = Release|Any CPU
		{00F7DFE1-2B7A-4A82-B4EE-6BA683FE062C}.LocFeature|x64.ActiveCfg = Release|Any CPU
		{00F7DFE1-2B7A-4A82-B4EE-6BA683FE062C}.LocFeature|x86.ActiveCfg = Release|Any CPU
		{00F7DFE1-2B7A-4A82-B4EE-6BA683FE062C}.Release|Any CPU.ActiveCfg = Release|Any CPU
		{00F7DFE1-2B7A-4A82-B4EE-6BA683FE062C}.Release|Any CPU.Build.0 = Release|Any CPU
		{00F7DFE1-2B7A-4A82-B4EE-6BA683FE062C}.Release|x64.ActiveCfg = Release|Any CPU
		{00F7DFE1-2B7A-4A82-B4EE-6BA683FE062C}.Release|x86.ActiveCfg = Release|Any CPU
		{8EAD0650-13EE-44C3-9EC5-A97DC6EE47B8}.Debug|Any CPU.ActiveCfg = Debug|Any CPU
		{8EAD0650-13EE-44C3-9EC5-A97DC6EE47B8}.Debug|Any CPU.Build.0 = Debug|Any CPU
		{8EAD0650-13EE-44C3-9EC5-A97DC6EE47B8}.Debug|x64.ActiveCfg = Debug|Any CPU
		{8EAD0650-13EE-44C3-9EC5-A97DC6EE47B8}.Debug|x86.ActiveCfg = Debug|Any CPU
		{8EAD0650-13EE-44C3-9EC5-A97DC6EE47B8}.LocFeature|Any CPU.ActiveCfg = Release|Any CPU
		{8EAD0650-13EE-44C3-9EC5-A97DC6EE47B8}.LocFeature|Any CPU.Build.0 = Release|Any CPU
		{8EAD0650-13EE-44C3-9EC5-A97DC6EE47B8}.LocFeature|x64.ActiveCfg = Release|Any CPU
		{8EAD0650-13EE-44C3-9EC5-A97DC6EE47B8}.LocFeature|x86.ActiveCfg = Release|Any CPU
		{8EAD0650-13EE-44C3-9EC5-A97DC6EE47B8}.Release|Any CPU.ActiveCfg = Release|Any CPU
		{8EAD0650-13EE-44C3-9EC5-A97DC6EE47B8}.Release|Any CPU.Build.0 = Release|Any CPU
		{8EAD0650-13EE-44C3-9EC5-A97DC6EE47B8}.Release|x64.ActiveCfg = Release|Any CPU
		{8EAD0650-13EE-44C3-9EC5-A97DC6EE47B8}.Release|x86.ActiveCfg = Release|Any CPU
		{80D0D1F3-91EB-41C7-B4E7-07F3FBC5B99C}.Debug|Any CPU.ActiveCfg = Debug|Any CPU
		{80D0D1F3-91EB-41C7-B4E7-07F3FBC5B99C}.Debug|Any CPU.Build.0 = Debug|Any CPU
		{80D0D1F3-91EB-41C7-B4E7-07F3FBC5B99C}.Debug|x64.ActiveCfg = Debug|Any CPU
		{80D0D1F3-91EB-41C7-B4E7-07F3FBC5B99C}.Debug|x86.ActiveCfg = Debug|Any CPU
		{80D0D1F3-91EB-41C7-B4E7-07F3FBC5B99C}.LocFeature|Any CPU.ActiveCfg = Release|Any CPU
		{80D0D1F3-91EB-41C7-B4E7-07F3FBC5B99C}.LocFeature|Any CPU.Build.0 = Release|Any CPU
		{80D0D1F3-91EB-41C7-B4E7-07F3FBC5B99C}.LocFeature|x64.ActiveCfg = Release|Any CPU
		{80D0D1F3-91EB-41C7-B4E7-07F3FBC5B99C}.LocFeature|x86.ActiveCfg = Release|Any CPU
		{80D0D1F3-91EB-41C7-B4E7-07F3FBC5B99C}.Release|Any CPU.ActiveCfg = Release|Any CPU
		{80D0D1F3-91EB-41C7-B4E7-07F3FBC5B99C}.Release|Any CPU.Build.0 = Release|Any CPU
		{80D0D1F3-91EB-41C7-B4E7-07F3FBC5B99C}.Release|x64.ActiveCfg = Release|Any CPU
		{80D0D1F3-91EB-41C7-B4E7-07F3FBC5B99C}.Release|x86.ActiveCfg = Release|Any CPU
		{06F508C0-6D4F-4FA1-B910-91AA3B9CAAA4}.Debug|Any CPU.ActiveCfg = Debug|Any CPU
		{06F508C0-6D4F-4FA1-B910-91AA3B9CAAA4}.Debug|Any CPU.Build.0 = Debug|Any CPU
		{06F508C0-6D4F-4FA1-B910-91AA3B9CAAA4}.Debug|x64.ActiveCfg = Debug|Any CPU
		{06F508C0-6D4F-4FA1-B910-91AA3B9CAAA4}.Debug|x86.ActiveCfg = Debug|Any CPU
		{06F508C0-6D4F-4FA1-B910-91AA3B9CAAA4}.LocFeature|Any CPU.ActiveCfg = Release|Any CPU
		{06F508C0-6D4F-4FA1-B910-91AA3B9CAAA4}.LocFeature|Any CPU.Build.0 = Release|Any CPU
		{06F508C0-6D4F-4FA1-B910-91AA3B9CAAA4}.LocFeature|x64.ActiveCfg = Release|Any CPU
		{06F508C0-6D4F-4FA1-B910-91AA3B9CAAA4}.LocFeature|x86.ActiveCfg = Release|Any CPU
		{06F508C0-6D4F-4FA1-B910-91AA3B9CAAA4}.Release|Any CPU.ActiveCfg = Release|Any CPU
		{06F508C0-6D4F-4FA1-B910-91AA3B9CAAA4}.Release|Any CPU.Build.0 = Release|Any CPU
		{06F508C0-6D4F-4FA1-B910-91AA3B9CAAA4}.Release|x64.ActiveCfg = Release|Any CPU
		{06F508C0-6D4F-4FA1-B910-91AA3B9CAAA4}.Release|x86.ActiveCfg = Release|Any CPU
		{4CBC2539-9B65-49D8-85E5-D0D29A3B8040}.Debug|Any CPU.ActiveCfg = Debug|Any CPU
		{4CBC2539-9B65-49D8-85E5-D0D29A3B8040}.Debug|Any CPU.Build.0 = Debug|Any CPU
		{4CBC2539-9B65-49D8-85E5-D0D29A3B8040}.Debug|x64.ActiveCfg = Debug|Any CPU
		{4CBC2539-9B65-49D8-85E5-D0D29A3B8040}.Debug|x86.ActiveCfg = Debug|Any CPU
		{4CBC2539-9B65-49D8-85E5-D0D29A3B8040}.LocFeature|Any CPU.ActiveCfg = Release|Any CPU
		{4CBC2539-9B65-49D8-85E5-D0D29A3B8040}.LocFeature|Any CPU.Build.0 = Release|Any CPU
		{4CBC2539-9B65-49D8-85E5-D0D29A3B8040}.LocFeature|x64.ActiveCfg = Release|Any CPU
		{4CBC2539-9B65-49D8-85E5-D0D29A3B8040}.LocFeature|x86.ActiveCfg = Release|Any CPU
		{4CBC2539-9B65-49D8-85E5-D0D29A3B8040}.Release|Any CPU.ActiveCfg = Release|Any CPU
		{4CBC2539-9B65-49D8-85E5-D0D29A3B8040}.Release|Any CPU.Build.0 = Release|Any CPU
		{4CBC2539-9B65-49D8-85E5-D0D29A3B8040}.Release|x64.ActiveCfg = Release|Any CPU
		{4CBC2539-9B65-49D8-85E5-D0D29A3B8040}.Release|x86.ActiveCfg = Release|Any CPU
		{DEE65ABB-7109-4911-8034-32B62209F02A}.Debug|Any CPU.ActiveCfg = Debug|Any CPU
		{DEE65ABB-7109-4911-8034-32B62209F02A}.Debug|Any CPU.Build.0 = Debug|Any CPU
		{DEE65ABB-7109-4911-8034-32B62209F02A}.Debug|x64.ActiveCfg = Debug|Any CPU
		{DEE65ABB-7109-4911-8034-32B62209F02A}.Debug|x86.ActiveCfg = Debug|Any CPU
		{DEE65ABB-7109-4911-8034-32B62209F02A}.LocFeature|Any CPU.ActiveCfg = Release|Any CPU
		{DEE65ABB-7109-4911-8034-32B62209F02A}.LocFeature|Any CPU.Build.0 = Release|Any CPU
		{DEE65ABB-7109-4911-8034-32B62209F02A}.LocFeature|x64.ActiveCfg = Release|Any CPU
		{DEE65ABB-7109-4911-8034-32B62209F02A}.LocFeature|x86.ActiveCfg = Release|Any CPU
		{DEE65ABB-7109-4911-8034-32B62209F02A}.Release|Any CPU.ActiveCfg = Release|Any CPU
		{DEE65ABB-7109-4911-8034-32B62209F02A}.Release|Any CPU.Build.0 = Release|Any CPU
		{DEE65ABB-7109-4911-8034-32B62209F02A}.Release|x64.ActiveCfg = Release|Any CPU
		{DEE65ABB-7109-4911-8034-32B62209F02A}.Release|x86.ActiveCfg = Release|Any CPU
		{9492747B-3D88-469F-A1EE-409675547642}.Debug|Any CPU.ActiveCfg = Debug|Any CPU
		{9492747B-3D88-469F-A1EE-409675547642}.Debug|Any CPU.Build.0 = Debug|Any CPU
		{9492747B-3D88-469F-A1EE-409675547642}.Debug|x64.ActiveCfg = Debug|Any CPU
		{9492747B-3D88-469F-A1EE-409675547642}.Debug|x86.ActiveCfg = Debug|Any CPU
		{9492747B-3D88-469F-A1EE-409675547642}.LocFeature|Any CPU.ActiveCfg = Release|Any CPU
		{9492747B-3D88-469F-A1EE-409675547642}.LocFeature|x64.ActiveCfg = Release|Any CPU
		{9492747B-3D88-469F-A1EE-409675547642}.LocFeature|x86.ActiveCfg = Release|Any CPU
		{9492747B-3D88-469F-A1EE-409675547642}.Release|Any CPU.ActiveCfg = Release|Any CPU
		{9492747B-3D88-469F-A1EE-409675547642}.Release|Any CPU.Build.0 = Release|Any CPU
		{9492747B-3D88-469F-A1EE-409675547642}.Release|x64.ActiveCfg = Release|Any CPU
		{9492747B-3D88-469F-A1EE-409675547642}.Release|x86.ActiveCfg = Release|Any CPU
		{45B4CA2E-5CA1-4AEC-AA50-388F9E2CE938}.Debug|Any CPU.ActiveCfg = Debug|Any CPU
		{45B4CA2E-5CA1-4AEC-AA50-388F9E2CE938}.Debug|Any CPU.Build.0 = Debug|Any CPU
		{45B4CA2E-5CA1-4AEC-AA50-388F9E2CE938}.Debug|x64.ActiveCfg = Debug|Any CPU
		{45B4CA2E-5CA1-4AEC-AA50-388F9E2CE938}.Debug|x86.ActiveCfg = Debug|Any CPU
		{45B4CA2E-5CA1-4AEC-AA50-388F9E2CE938}.LocFeature|Any CPU.ActiveCfg = Release|Any CPU
		{45B4CA2E-5CA1-4AEC-AA50-388F9E2CE938}.LocFeature|x64.ActiveCfg = Release|Any CPU
		{45B4CA2E-5CA1-4AEC-AA50-388F9E2CE938}.LocFeature|x86.ActiveCfg = Release|Any CPU
		{45B4CA2E-5CA1-4AEC-AA50-388F9E2CE938}.Release|Any CPU.ActiveCfg = Release|Any CPU
		{45B4CA2E-5CA1-4AEC-AA50-388F9E2CE938}.Release|Any CPU.Build.0 = Release|Any CPU
		{45B4CA2E-5CA1-4AEC-AA50-388F9E2CE938}.Release|x64.ActiveCfg = Release|Any CPU
		{45B4CA2E-5CA1-4AEC-AA50-388F9E2CE938}.Release|x86.ActiveCfg = Release|Any CPU
		{73577BEE-3CE5-4589-896A-A362E33CC163}.Debug|Any CPU.ActiveCfg = Debug|Any CPU
		{73577BEE-3CE5-4589-896A-A362E33CC163}.Debug|Any CPU.Build.0 = Debug|Any CPU
		{73577BEE-3CE5-4589-896A-A362E33CC163}.Debug|x64.ActiveCfg = Debug|Any CPU
		{73577BEE-3CE5-4589-896A-A362E33CC163}.Debug|x86.ActiveCfg = Debug|Any CPU
		{73577BEE-3CE5-4589-896A-A362E33CC163}.LocFeature|Any CPU.ActiveCfg = Release|Any CPU
		{73577BEE-3CE5-4589-896A-A362E33CC163}.LocFeature|Any CPU.Build.0 = Release|Any CPU
		{73577BEE-3CE5-4589-896A-A362E33CC163}.LocFeature|x64.ActiveCfg = Release|Any CPU
		{73577BEE-3CE5-4589-896A-A362E33CC163}.LocFeature|x86.ActiveCfg = Release|Any CPU
		{73577BEE-3CE5-4589-896A-A362E33CC163}.Release|Any CPU.ActiveCfg = Release|Any CPU
		{73577BEE-3CE5-4589-896A-A362E33CC163}.Release|Any CPU.Build.0 = Release|Any CPU
		{73577BEE-3CE5-4589-896A-A362E33CC163}.Release|x64.ActiveCfg = Release|Any CPU
		{73577BEE-3CE5-4589-896A-A362E33CC163}.Release|x86.ActiveCfg = Release|Any CPU
		{47333B9B-4E3D-4F72-998C-B369A2970A3D}.Debug|Any CPU.ActiveCfg = Debug|Any CPU
		{47333B9B-4E3D-4F72-998C-B369A2970A3D}.Debug|Any CPU.Build.0 = Debug|Any CPU
		{47333B9B-4E3D-4F72-998C-B369A2970A3D}.Debug|x64.ActiveCfg = Debug|Any CPU
		{47333B9B-4E3D-4F72-998C-B369A2970A3D}.Debug|x86.ActiveCfg = Debug|Any CPU
		{47333B9B-4E3D-4F72-998C-B369A2970A3D}.LocFeature|Any CPU.ActiveCfg = Release|Any CPU
		{47333B9B-4E3D-4F72-998C-B369A2970A3D}.LocFeature|Any CPU.Build.0 = Release|Any CPU
		{47333B9B-4E3D-4F72-998C-B369A2970A3D}.LocFeature|x64.ActiveCfg = Release|Any CPU
		{47333B9B-4E3D-4F72-998C-B369A2970A3D}.LocFeature|x86.ActiveCfg = Release|Any CPU
		{47333B9B-4E3D-4F72-998C-B369A2970A3D}.Release|Any CPU.ActiveCfg = Release|Any CPU
		{47333B9B-4E3D-4F72-998C-B369A2970A3D}.Release|Any CPU.Build.0 = Release|Any CPU
		{47333B9B-4E3D-4F72-998C-B369A2970A3D}.Release|x64.ActiveCfg = Release|Any CPU
		{47333B9B-4E3D-4F72-998C-B369A2970A3D}.Release|x86.ActiveCfg = Release|Any CPU
		{59F28DB6-5031-4EAD-9835-5D5FDED975EE}.Debug|Any CPU.ActiveCfg = Debug|Any CPU
		{59F28DB6-5031-4EAD-9835-5D5FDED975EE}.Debug|Any CPU.Build.0 = Debug|Any CPU
		{59F28DB6-5031-4EAD-9835-5D5FDED975EE}.Debug|x64.ActiveCfg = Debug|x64
		{59F28DB6-5031-4EAD-9835-5D5FDED975EE}.Debug|x64.Build.0 = Debug|x64
		{59F28DB6-5031-4EAD-9835-5D5FDED975EE}.Debug|x86.ActiveCfg = Debug|x86
		{59F28DB6-5031-4EAD-9835-5D5FDED975EE}.Debug|x86.Build.0 = Debug|x86
		{59F28DB6-5031-4EAD-9835-5D5FDED975EE}.LocFeature|Any CPU.ActiveCfg = LocFeature|Any CPU
		{59F28DB6-5031-4EAD-9835-5D5FDED975EE}.LocFeature|Any CPU.Build.0 = LocFeature|Any CPU
		{59F28DB6-5031-4EAD-9835-5D5FDED975EE}.LocFeature|x64.ActiveCfg = LocFeature|x64
		{59F28DB6-5031-4EAD-9835-5D5FDED975EE}.LocFeature|x64.Build.0 = LocFeature|x64
		{59F28DB6-5031-4EAD-9835-5D5FDED975EE}.LocFeature|x86.ActiveCfg = LocFeature|x86
		{59F28DB6-5031-4EAD-9835-5D5FDED975EE}.LocFeature|x86.Build.0 = LocFeature|x86
		{59F28DB6-5031-4EAD-9835-5D5FDED975EE}.Release|Any CPU.ActiveCfg = Release|Any CPU
		{59F28DB6-5031-4EAD-9835-5D5FDED975EE}.Release|Any CPU.Build.0 = Release|Any CPU
		{59F28DB6-5031-4EAD-9835-5D5FDED975EE}.Release|x64.ActiveCfg = Release|x64
		{59F28DB6-5031-4EAD-9835-5D5FDED975EE}.Release|x64.Build.0 = Release|x64
		{59F28DB6-5031-4EAD-9835-5D5FDED975EE}.Release|x86.ActiveCfg = Release|x86
		{59F28DB6-5031-4EAD-9835-5D5FDED975EE}.Release|x86.Build.0 = Release|x86
	EndGlobalSection
	GlobalSection(SolutionProperties) = preSolution
		HideSolutionNode = FALSE
	EndGlobalSection
	GlobalSection(NestedProjects) = preSolution
		{80D0D1F3-91EB-41C7-B4E7-07F3FBC5B99C} = {D9E0F167-B8D1-40CB-A507-121B1CA91FF5}
		{73577BEE-3CE5-4589-896A-A362E33CC163} = {D9E0F167-B8D1-40CB-A507-121B1CA91FF5}
		{00F7DFE1-2B7A-4A82-B4EE-6BA683FE062C} = {D9E0F167-B8D1-40CB-A507-121B1CA91FF5}
		{DEE65ABB-7109-4911-8034-32B62209F02A} = {A3EDB765-6169-43CD-81FE-6A9A0515E029}
		{9492747B-3D88-469F-A1EE-409675547642} = {A3EDB765-6169-43CD-81FE-6A9A0515E029}
		{8EAD0650-13EE-44C3-9EC5-A97DC6EE47B8} = {A3EDB765-6169-43CD-81FE-6A9A0515E029}
		{06F508C0-6D4F-4FA1-B910-91AA3B9CAAA4} = {AEEDAC78-F7E7-4620-8578-1EAD9C90A496}
		{59F28DB6-5031-4EAD-9835-5D5FDED975EE} = {AEEDAC78-F7E7-4620-8578-1EAD9C90A496}
		{4CBC2539-9B65-49D8-85E5-D0D29A3B8040} = {5EED3AB9-11E1-4459-8E13-704F339338F3}
		{45B4CA2E-5CA1-4AEC-AA50-388F9E2CE938} = {20FD8A22-0ACB-4DC8-8D97-5627A8E2D161}
		{47333B9B-4E3D-4F72-998C-B369A2970A3D} = {BB7D3016-7C4F-4CEE-BF0F-C55FAE0F01D7}
	EndGlobalSection
	GlobalSection(ExtensibilityGlobals) = postSolution
		EnterpriseLibraryConfigurationToolBinariesPath = packages\Unity.2.1.505.2\lib\NET35
	EndGlobalSection
EndGlobal
